
Microsoft Visual Studio Solution File, Format Version 12.00
# Visual Studio 15
VisualStudioVersion = 15.0.28307.645
MinimumVisualStudioVersion = 10.0.40219.1
Project("{FAE04EC0-301F-11D3-BF4B-00C04F79EFBC}") = "NBPChessServer", "NBPChessServer\NBPChessServer.csproj", "{EE29297A-2A29-4C8E-892F-2187D4A73763}"
	ProjectSection(ProjectDependencies) = postProject
		{19B97446-3511-4C2D-9FFB-AAD1F8C6B36F} = {19B97446-3511-4C2D-9FFB-AAD1F8C6B36F}
	EndProjectSection
EndProject
Project("{FAE04EC0-301F-11D3-BF4B-00C04F79EFBC}") = "RedisData", "RedisData\RedisData.csproj", "{19B97446-3511-4C2D-9FFB-AAD1F8C6B36F}"
EndProject
Global
	GlobalSection(SolutionConfigurationPlatforms) = preSolution
		Debug|Any CPU = Debug|Any CPU
		Release|Any CPU = Release|Any CPU
	EndGlobalSection
	GlobalSection(ProjectConfigurationPlatforms) = postSolution
		{EE29297A-2A29-4C8E-892F-2187D4A73763}.Debug|Any CPU.ActiveCfg = Debug|Any CPU
		{EE29297A-2A29-4C8E-892F-2187D4A73763}.Debug|Any CPU.Build.0 = Debug|Any CPU
		{EE29297A-2A29-4C8E-892F-2187D4A73763}.Release|Any CPU.ActiveCfg = Release|Any CPU
		{EE29297A-2A29-4C8E-892F-2187D4A73763}.Release|Any CPU.Build.0 = Release|Any CPU
		{19B97446-3511-4C2D-9FFB-AAD1F8C6B36F}.Debug|Any CPU.ActiveCfg = Debug|Any CPU
		{19B97446-3511-4C2D-9FFB-AAD1F8C6B36F}.Debug|Any CPU.Build.0 = Debug|Any CPU
		{19B97446-3511-4C2D-9FFB-AAD1F8C6B36F}.Release|Any CPU.ActiveCfg = Release|Any CPU
		{19B97446-3511-4C2D-9FFB-AAD1F8C6B36F}.Release|Any CPU.Build.0 = Release|Any CPU
	EndGlobalSection
	GlobalSection(SolutionProperties) = preSolution
		HideSolutionNode = FALSE
	EndGlobalSection
	GlobalSection(ExtensibilityGlobals) = postSolution
		SolutionGuid = {BC7CB2FD-BE48-461E-8443-046EFA3C2DA4}
	EndGlobalSection
EndGlobal
